
Microsoft Visual Studio Solution File, Format Version 12.00
# Visual Studio Version 17
VisualStudioVersion = 17.10.35004.147
MinimumVisualStudioVersion = 10.0.40219.1
Project("{FAE04EC0-301F-11D3-BF4B-00C04F79EFBC}") = "ThaiQuynhNhu_Buoinaohongnho", "ThaiQuynhNhu_Buoinaohongnho.csproj", "{13F0B48B-E590-4B8C-AC43-69BD57171E62}"
EndProject
Global
	GlobalSection(SolutionConfigurationPlatforms) = preSolution
		Debug|Any CPU = Debug|Any CPU
		Release|Any CPU = Release|Any CPU
	EndGlobalSection
	GlobalSection(ProjectConfigurationPlatforms) = postSolution
		{13F0B48B-E590-4B8C-AC43-69BD57171E62}.Debug|Any CPU.ActiveCfg = Debug|Any CPU
		{13F0B48B-E590-4B8C-AC43-69BD57171E62}.Debug|Any CPU.Build.0 = Debug|Any CPU
		{13F0B48B-E590-4B8C-AC43-69BD57171E62}.Release|Any CPU.ActiveCfg = Release|Any CPU
		{13F0B48B-E590-4B8C-AC43-69BD57171E62}.Release|Any CPU.Build.0 = Release|Any CPU
	EndGlobalSection
	GlobalSection(SolutionProperties) = preSolution
		HideSolutionNode = FALSE
	EndGlobalSection
	GlobalSection(ExtensibilityGlobals) = postSolution
		SolutionGuid = {21E0F1B5-33BE-4322-8F27-E1489256D695}
	EndGlobalSection
EndGlobal
